
Microsoft Visual Studio Solution File, Format Version 12.00
# Visual Studio Version 17
VisualStudioVersion = 17.2.32602.215
MinimumVisualStudioVersion = 10.0.40219.1
Project("{2150E333-8FDC-42A3-9474-1A3956D46DE8}") = "src", "src", "{7DD0A33D-E843-4EDD-9EFB-F5806EB96A73}"
EndProject
Project("{2150E333-8FDC-42A3-9474-1A3956D46DE8}") = "test", "test", "{E37315A7-87C3-41D4-B219-73B7D28F5714}"
EndProject
Project("{2150E333-8FDC-42A3-9474-1A3956D46DE8}") = "Core", "Core", "{D8CB4ACD-CCED-47D4-9DA5-ED3DC14FA4A3}"
EndProject
Project("{2150E333-8FDC-42A3-9474-1A3956D46DE8}") = "Infrastructure", "Infrastructure", "{6770255E-8033-48A6-BCA8-1D29000C01EE}"
EndProject
Project("{2150E333-8FDC-42A3-9474-1A3956D46DE8}") = "API", "API", "{7C1347D8-96B8-49C0-A2FD-16C67313B595}"
EndProject
Project("{9A19103F-16F7-4668-BE54-9A1E7A4F7556}") = "HotelManagmnet.Domain", "HotelManagmnet.Domain\HotelManagmnet.Domain.csproj", "{9286FDCA-B421-4C75-8253-69468F1163B4}"
EndProject
Project("{9A19103F-16F7-4668-BE54-9A1E7A4F7556}") = "HotelManagementSystem.Application", "HotelManagementSystem.Application\HotelManagementSystem.Application.csproj", "{473EBE90-990E-4E07-A386-9A37DDD50B3D}"
EndProject
Project("{9A19103F-16F7-4668-BE54-9A1E7A4F7556}") = "HotelManagment.Persistence", "HotelManagment.Persistence\HotelManagment.Persistence.csproj", "{DD88FBA3-0045-4F7B-92E1-3A349437A13B}"
EndProject
Project("{9A19103F-16F7-4668-BE54-9A1E7A4F7556}") = "HotelManagment.Infrastructure", "HotelManagment.Infrastructure\HotelManagment.Infrastructure.csproj", "{DCB655EC-2FCD-4F26-8A2A-633AE29A80B5}"
EndProject
Project("{9A19103F-16F7-4668-BE54-9A1E7A4F7556}") = "HotelManagement.Api", "HotelManagement.Api\HotelManagement.Api.csproj", "{AE0DC09C-5F26-4236-A5C0-F3ED28576FB1}"
EndProject
Project("{9A19103F-16F7-4668-BE54-9A1E7A4F7556}") = "HotelManagementSystem.Application.UnitTests", "HotelManagementSystem.Application.UnitTests\HotelManagementSystem.Application.UnitTests.csproj", "{FCEDF84D-E678-4A31-9315-AA413C52D2DD}"
EndProject
Project("{9A19103F-16F7-4668-BE54-9A1E7A4F7556}") = "HotelManagmentSystem.Persistence.Tests", "HotelManagmentSystem.Persistence.Tests\HotelManagmentSystem.Persistence.Tests.csproj", "{1E7973A2-6875-4E2D-B983-CF3F5CF8ABD0}"
	ProjectSection(ProjectDependencies) = postProject
		{473EBE90-990E-4E07-A386-9A37DDD50B3D} = {473EBE90-990E-4E07-A386-9A37DDD50B3D}
		{DD88FBA3-0045-4F7B-92E1-3A349437A13B} = {DD88FBA3-0045-4F7B-92E1-3A349437A13B}
	EndProjectSection
EndProject
Project("{FAE04EC0-301F-11D3-BF4B-00C04F79EFBC}") = "HotelManagementSystem.Identity", "HotelManagementSystem.Identity\HotelManagementSystem.Identity.csproj", "{3FA274D8-631A-4ED0-BAA7-A25FB61544C6}"
EndProject
Global
	GlobalSection(SolutionConfigurationPlatforms) = preSolution
		Debug|Any CPU = Debug|Any CPU
		Release|Any CPU = Release|Any CPU
	EndGlobalSection
	GlobalSection(ProjectConfigurationPlatforms) = postSolution
		{9286FDCA-B421-4C75-8253-69468F1163B4}.Debug|Any CPU.ActiveCfg = Debug|Any CPU
		{9286FDCA-B421-4C75-8253-69468F1163B4}.Debug|Any CPU.Build.0 = Debug|Any CPU
		{9286FDCA-B421-4C75-8253-69468F1163B4}.Release|Any CPU.ActiveCfg = Release|Any CPU
		{9286FDCA-B421-4C75-8253-69468F1163B4}.Release|Any CPU.Build.0 = Release|Any CPU
		{473EBE90-990E-4E07-A386-9A37DDD50B3D}.Debug|Any CPU.ActiveCfg = Debug|Any CPU
		{473EBE90-990E-4E07-A386-9A37DDD50B3D}.Release|Any CPU.ActiveCfg = Release|Any CPU
		{473EBE90-990E-4E07-A386-9A37DDD50B3D}.Release|Any CPU.Build.0 = Release|Any CPU
		{DD88FBA3-0045-4F7B-92E1-3A349437A13B}.Debug|Any CPU.ActiveCfg = Debug|Any CPU
		{DD88FBA3-0045-4F7B-92E1-3A349437A13B}.Debug|Any CPU.Build.0 = Debug|Any CPU
		{DD88FBA3-0045-4F7B-92E1-3A349437A13B}.Release|Any CPU.ActiveCfg = Release|Any CPU
		{DD88FBA3-0045-4F7B-92E1-3A349437A13B}.Release|Any CPU.Build.0 = Release|Any CPU
		{DCB655EC-2FCD-4F26-8A2A-633AE29A80B5}.Debug|Any CPU.ActiveCfg = Debug|Any CPU
		{DCB655EC-2FCD-4F26-8A2A-633AE29A80B5}.Debug|Any CPU.Build.0 = Debug|Any CPU
		{DCB655EC-2FCD-4F26-8A2A-633AE29A80B5}.Release|Any CPU.ActiveCfg = Release|Any CPU
		{DCB655EC-2FCD-4F26-8A2A-633AE29A80B5}.Release|Any CPU.Build.0 = Release|Any CPU
		{AE0DC09C-5F26-4236-A5C0-F3ED28576FB1}.Debug|Any CPU.ActiveCfg = Debug|Any CPU
		{AE0DC09C-5F26-4236-A5C0-F3ED28576FB1}.Debug|Any CPU.Build.0 = Debug|Any CPU
		{AE0DC09C-5F26-4236-A5C0-F3ED28576FB1}.Release|Any CPU.ActiveCfg = Release|Any CPU
		{AE0DC09C-5F26-4236-A5C0-F3ED28576FB1}.Release|Any CPU.Build.0 = Release|Any CPU
		{FCEDF84D-E678-4A31-9315-AA413C52D2DD}.Debug|Any CPU.ActiveCfg = Debug|Any CPU
		{FCEDF84D-E678-4A31-9315-AA413C52D2DD}.Debug|Any CPU.Build.0 = Debug|Any CPU
		{FCEDF84D-E678-4A31-9315-AA413C52D2DD}.Release|Any CPU.ActiveCfg = Release|Any CPU
		{FCEDF84D-E678-4A31-9315-AA413C52D2DD}.Release|Any CPU.Build.0 = Release|Any CPU
		{1E7973A2-6875-4E2D-B983-CF3F5CF8ABD0}.Debug|Any CPU.ActiveCfg = Debug|Any CPU
		{1E7973A2-6875-4E2D-B983-CF3F5CF8ABD0}.Debug|Any CPU.Build.0 = Debug|Any CPU
		{1E7973A2-6875-4E2D-B983-CF3F5CF8ABD0}.Release|Any CPU.ActiveCfg = Release|Any CPU
		{1E7973A2-6875-4E2D-B983-CF3F5CF8ABD0}.Release|Any CPU.Build.0 = Release|Any CPU
		{3FA274D8-631A-4ED0-BAA7-A25FB61544C6}.Debug|Any CPU.ActiveCfg = Debug|Any CPU
		{3FA274D8-631A-4ED0-BAA7-A25FB61544C6}.Debug|Any CPU.Build.0 = Debug|Any CPU
		{3FA274D8-631A-4ED0-BAA7-A25FB61544C6}.Release|Any CPU.ActiveCfg = Release|Any CPU
		{3FA274D8-631A-4ED0-BAA7-A25FB61544C6}.Release|Any CPU.Build.0 = Release|Any CPU
	EndGlobalSection
	GlobalSection(SolutionProperties) = preSolution
		HideSolutionNode = FALSE
	EndGlobalSection
	GlobalSection(NestedProjects) = preSolution
		{D8CB4ACD-CCED-47D4-9DA5-ED3DC14FA4A3} = {7DD0A33D-E843-4EDD-9EFB-F5806EB96A73}
		{6770255E-8033-48A6-BCA8-1D29000C01EE} = {7DD0A33D-E843-4EDD-9EFB-F5806EB96A73}
		{7C1347D8-96B8-49C0-A2FD-16C67313B595} = {7DD0A33D-E843-4EDD-9EFB-F5806EB96A73}
		{9286FDCA-B421-4C75-8253-69468F1163B4} = {D8CB4ACD-CCED-47D4-9DA5-ED3DC14FA4A3}
		{473EBE90-990E-4E07-A386-9A37DDD50B3D} = {D8CB4ACD-CCED-47D4-9DA5-ED3DC14FA4A3}
		{DD88FBA3-0045-4F7B-92E1-3A349437A13B} = {6770255E-8033-48A6-BCA8-1D29000C01EE}
		{DCB655EC-2FCD-4F26-8A2A-633AE29A80B5} = {6770255E-8033-48A6-BCA8-1D29000C01EE}
		{AE0DC09C-5F26-4236-A5C0-F3ED28576FB1} = {7C1347D8-96B8-49C0-A2FD-16C67313B595}
		{FCEDF84D-E678-4A31-9315-AA413C52D2DD} = {E37315A7-87C3-41D4-B219-73B7D28F5714}
		{1E7973A2-6875-4E2D-B983-CF3F5CF8ABD0} = {E37315A7-87C3-41D4-B219-73B7D28F5714}
		{3FA274D8-631A-4ED0-BAA7-A25FB61544C6} = {6770255E-8033-48A6-BCA8-1D29000C01EE}
	EndGlobalSection
	GlobalSection(ExtensibilityGlobals) = postSolution
		SolutionGuid = {19FE742F-644D-4AF6-83B1-BFAB57DC4FC4}
	EndGlobalSection
EndGlobal
